# This file is autogenerated, do not edit; changes may be undone by the next 'dep ensure'.


[[projects]]
  branch = "master"
  digest = "1:23f6ffccb3e18e44df23d4e9d5139ed6d5be0cec9f0e0d452484c2e562108116"
  name = "github.com/Al2Klimov/go-gen-source-repos"
  packages = ["."]
  pruneopts = "UT"
  revision = "9dfcdbdf9942cbfed94478d3c028afb3aad0c4a1"

[[projects]]
  branch = "master"
  digest = "1:9340d40e5bccf1f5ef69505cc28927c7a8591413d7301ef06622c01871972a81"
  name = "github.com/Al2Klimov/go-linux-apis"
  packages = ["."]
  pruneopts = "UT"
  revision = "3fbd2047cae930e76287dd4534dced0753029b3f"

[[projects]]
  digest = "1:2367486b6f735ef32e09d8bd8394167b6944aaef91a36788801ce460ff4051d8"
  name = "github.com/Al2Klimov/go-monplug-utils"
  packages = ["."]
  pruneopts = "UT"
  revision = "dbdf4280de62bb853ccf30eb8c1304cc10b97a22"
  version = "v0.1"

[[projects]]
  branch = "master"
  digest = "1:37db686f0f01ee6c12efa3d86aa8c52443b1452d3607fedbdf3950a5eaca144a"
  name = "github.com/Al2Klimov/go-pretty-print"
  packages = ["."]
  pruneopts = "UT"
  revision = "95aa59dc7aca21fa9ee6fa24e073d8e5333f3b4e"

[[projects]]
  branch = "master"
  digest = "1:3f3a05ae0b95893d90b9b3b5afdb79a9b3d96e4e36e099d841ae602e4aca0da8"
  name = "golang.org/x/crypto"
  packages = ["ssh/terminal"]
  pruneopts = "UT"
  revision = "0e37d006457bf46f9e6692014ba72ef82c33022c"

[[projects]]
  branch = "master"
  digest = "1:575e6cd3c8c00d02a978e6e2ca66f58b013d09bbae6e3b1e37fca9f87b2d8ece"
  name = "golang.org/x/sys"
  packages = [
    "unix",
    "windows",
  ]
  pruneopts = "UT"
  revision = "f02c79500a9c629cd7cf2f3abadbbf2f5a9161d3"

[solve-meta]
  analyzer-name = "dep"
  analyzer-version = 1
  input-imports = [
    "github.com/Al2Klimov/go-gen-source-repos",
    "github.com/Al2Klimov/go-linux-apis",
    "github.com/Al2Klimov/go-monplug-utils",
    "github.com/Al2Klimov/go-pretty-print",
  ]
  solver-name = "gps-cdcl"
  solver-version = 1
